
Microsoft Visual Studio Solution File, Format Version 12.00
# Visual Studio Version 16
VisualStudioVersion = 16.0.29609.76
MinimumVisualStudioVersion = 10.0.40219.1
Project("{FAE04EC0-301F-11D3-BF4B-00C04F79EFBC}") = "ProgmaticallyGenerateWordFiles", "ProgmaticallyGenerateWordFiles\ProgmaticallyGenerateWordFiles.csproj", "{05495043-0888-44FD-B3BF-FADB922126C7}"
EndProject
Global
	GlobalSection(SolutionConfigurationPlatforms) = preSolution
		Debug|Any CPU = Debug|Any CPU
		Release|Any CPU = Release|Any CPU
	EndGlobalSection
	GlobalSection(ProjectConfigurationPlatforms) = postSolution
		{05495043-0888-44FD-B3BF-FADB922126C7}.Debug|Any CPU.ActiveCfg = Debug|Any CPU
		{05495043-0888-44FD-B3BF-FADB922126C7}.Debug|Any CPU.Build.0 = Debug|Any CPU
		{05495043-0888-44FD-B3BF-FADB922126C7}.Release|Any CPU.ActiveCfg = Release|Any CPU
		{05495043-0888-44FD-B3BF-FADB922126C7}.Release|Any CPU.Build.0 = Release|Any CPU
	EndGlobalSection
	GlobalSection(SolutionProperties) = preSolution
		HideSolutionNode = FALSE
	EndGlobalSection
	GlobalSection(ExtensibilityGlobals) = postSolution
		SolutionGuid = {82B01327-526E-4559-AAA0-DFD645369B54}
	EndGlobalSection
EndGlobal
